{
  "name": "@norjs/ui",
  "version": "1.0.17",
  "lockfileVersion": 1,
  "requires": true,
  "dependencies": {
    "@norjs/utils": {
      "version": "1.0.17",
      "resolved": "https://registry.npmjs.org/@norjs/utils/-/utils-1.0.17.tgz",
      "integrity": "sha512-QQu1bmxIGNkXdbX3yIp7LpgOK97tKLYrQX06ULPv8aHsMocuOsRrLj+Vy5RMPAiY3SQNdmjZIjHTkIcUI9TfOQ==",
      "requires": {
        "lodash": "^4.17.15"
      }
    },
    "lodash": {
      "version": "4.17.15",
      "resolved": "https://registry.npmjs.org/lodash/-/lodash-4.17.15.tgz",
      "integrity": "sha512-8xOcRHvCjnocdS5cpwXQXVzmmh5e5+saE2QGoeQmbKmRS6J3VQppPOIt0MnmE+4xlZoumy0GPG0D0MVIQbNA1A=="
    }
  }
}
