{
  "name": "@norjs/ui",
  "version": "1.0.18",
  "lockfileVersion": 1,
  "requires": true,
  "dependencies": {
    "@norjs/utils": {
      "version": "1.0.18",
      "resolved": "https://registry.npmjs.org/@norjs/utils/-/utils-1.0.18.tgz",
      "integrity": "sha512-s6kAqQ3HT2bYK+xc8HEtOFpHwzIJ9l6THAXQh7Hl98rgMnco/d8I/wVFh+W05591qs5AJf6hxUvBBbSZCSH4tA==",
      "requires": {
        "lodash": "^4.17.15"
      }
    },
    "lodash": {
      "version": "4.17.15",
      "resolved": "https://registry.npmjs.org/lodash/-/lodash-4.17.15.tgz",
      "integrity": "sha512-8xOcRHvCjnocdS5cpwXQXVzmmh5e5+saE2QGoeQmbKmRS6J3VQppPOIt0MnmE+4xlZoumy0GPG0D0MVIQbNA1A=="
    }
  }
}
