{
  "name": "@norjs/ui",
  "version": "1.0.16",
  "lockfileVersion": 1,
  "requires": true,
  "dependencies": {
    "@norjs/utils": {
      "version": "1.0.16",
      "resolved": "https://registry.npmjs.org/@norjs/utils/-/utils-1.0.16.tgz",
      "integrity": "sha512-O9E+C54er632+C29Bwk4ftY5uN5SvdU52yVkv+N/6nIVzEdKR+stCWclToS3GcolRgZxC8adkd5CLloMi9Tu+A==",
      "requires": {
        "lodash": "^4.17.15"
      }
    },
    "lodash": {
      "version": "4.17.15",
      "resolved": "https://registry.npmjs.org/lodash/-/lodash-4.17.15.tgz",
      "integrity": "sha512-8xOcRHvCjnocdS5cpwXQXVzmmh5e5+saE2QGoeQmbKmRS6J3VQppPOIt0MnmE+4xlZoumy0GPG0D0MVIQbNA1A=="
    }
  }
}
